
Microsoft Visual Studio Solution File, Format Version 12.00
# Visual Studio Version 17
VisualStudioVersion = 17.9.34607.119
MinimumVisualStudioVersion = 10.0.40219.1
Project("{FAE04EC0-301F-11D3-BF4B-00C04F79EFBC}") = "Act 8 API", "Act 8 API\Act 8 API.csproj", "{A086D8C9-4138-4B20-9463-FD168DE2CD2D}"
EndProject
Global
	GlobalSection(SolutionConfigurationPlatforms) = preSolution
		Debug|Any CPU = Debug|Any CPU
		Release|Any CPU = Release|Any CPU
	EndGlobalSection
	GlobalSection(ProjectConfigurationPlatforms) = postSolution
		{A086D8C9-4138-4B20-9463-FD168DE2CD2D}.Debug|Any CPU.ActiveCfg = Debug|Any CPU
		{A086D8C9-4138-4B20-9463-FD168DE2CD2D}.Debug|Any CPU.Build.0 = Debug|Any CPU
		{A086D8C9-4138-4B20-9463-FD168DE2CD2D}.Release|Any CPU.ActiveCfg = Release|Any CPU
		{A086D8C9-4138-4B20-9463-FD168DE2CD2D}.Release|Any CPU.Build.0 = Release|Any CPU
	EndGlobalSection
	GlobalSection(SolutionProperties) = preSolution
		HideSolutionNode = FALSE
	EndGlobalSection
	GlobalSection(ExtensibilityGlobals) = postSolution
		SolutionGuid = {84BCA69B-F3F3-4AC9-A2C1-9E75DF7A6DF7}
	EndGlobalSection
EndGlobal
